
Microsoft Visual Studio Solution File, Format Version 12.00
# Visual Studio 2015
Project("{FAE04EC0-301F-11D3-BF4B-00C04F79EFBC}") = "Dig Dug sig.CSharp", "Dig Dug sig.CSharp.csproj", "{4C7EF05A-7081-AD9C-3399-F21235152419}"
EndProject
Global
	GlobalSection(SolutionConfigurationPlatforms) = preSolution
		Debug|Any CPU = Debug|Any CPU
		Release|Any CPU = Release|Any CPU
	EndGlobalSection
	GlobalSection(ProjectConfigurationPlatforms) = postSolution
		{4C7EF05A-7081-AD9C-3399-F21235152419}.Debug|Any CPU.ActiveCfg = Debug|Any CPU
		{4C7EF05A-7081-AD9C-3399-F21235152419}.Debug|Any CPU.Build.0 = Debug|Any CPU
		{4C7EF05A-7081-AD9C-3399-F21235152419}.Release|Any CPU.ActiveCfg = Release|Any CPU
		{4C7EF05A-7081-AD9C-3399-F21235152419}.Release|Any CPU.Build.0 = Release|Any CPU
	EndGlobalSection
	GlobalSection(SolutionProperties) = preSolution
		HideSolutionNode = FALSE
	EndGlobalSection
EndGlobal
